
Microsoft Visual Studio Solution File, Format Version 12.00
# Visual Studio 15
VisualStudioVersion = 15.0.28010.2036
MinimumVisualStudioVersion = 10.0.40219.1
Project("{FAE04EC0-301F-11D3-BF4B-00C04F79EFBC}") = "netcoretest2", "netcoretest2\netcoretest2.csproj", "{EB13E69C-3CCA-4568-8AE9-5300F0CBEE11}"
EndProject
Global
	GlobalSection(SolutionConfigurationPlatforms) = preSolution
		Debug|Any CPU = Debug|Any CPU
		Release|Any CPU = Release|Any CPU
	EndGlobalSection
	GlobalSection(ProjectConfigurationPlatforms) = postSolution
		{EB13E69C-3CCA-4568-8AE9-5300F0CBEE11}.Debug|Any CPU.ActiveCfg = Debug|Any CPU
		{EB13E69C-3CCA-4568-8AE9-5300F0CBEE11}.Debug|Any CPU.Build.0 = Debug|Any CPU
		{EB13E69C-3CCA-4568-8AE9-5300F0CBEE11}.Release|Any CPU.ActiveCfg = Release|Any CPU
		{EB13E69C-3CCA-4568-8AE9-5300F0CBEE11}.Release|Any CPU.Build.0 = Release|Any CPU
	EndGlobalSection
	GlobalSection(SolutionProperties) = preSolution
		HideSolutionNode = FALSE
	EndGlobalSection
	GlobalSection(ExtensibilityGlobals) = postSolution
		SolutionGuid = {AA5B1094-C5AA-4D9F-A826-99794D16A657}
	EndGlobalSection
EndGlobal
